github.com/farmergreg/spec/v6 v6.0.0-beta.32 h1:lldpDo8zRAOakbi7+l3Xx1mDJ3u/ObMOY9UeIWv8LEY=
github.com/farmergreg/spec/v6 v6.0.0-beta.32/go.mod h1:SPPWP5cXZtz1f4y/Ui6R5K1ZEMgJkcVA0AEt7/IfH+I=
github.com/farmergreg/spec/v6 v6.0.0-beta.33 h1:H6hsCerOM3JxgUBYYz0kt4fjp0J+Z0niN7W64ZHBVaU=
github.com/farmergreg/spec/v6 v6.0.0-beta.33/go.mod h1:SPPWP5cXZtz1f4y/Ui6R5K1ZEMgJkcVA0AEt7/IfH+I=
