github.com/hamradiolog-net/spec/v6 v6.0.0-beta.18 h1:R4r/Me6/kNpa/s5qVGatX+P3tkHYCM82mfBkAgF2Szk=
github.com/hamradiolog-net/spec/v6 v6.0.0-beta.18/go.mod h1:pVgHeVUKWLo733V1E6FdOHjtfVk39/TSzBL51Dcv1YY=
github.com/hamradiolog-net/spec/v6 v6.0.0-beta.24 h1:c8dKmnCv9q2aHY7hIxx2mdw/w9FGnXNQpALEUuscros=
github.com/hamradiolog-net/spec/v6 v6.0.0-beta.24/go.mod h1:pVgHeVUKWLo733V1E6FdOHjtfVk39/TSzBL51Dcv1YY=
