github.com/hamradiolog-net/spec/v6 v6.0.0-beta.22 h1:b8BMUW+g5UMLNh8II4tQELLafpn/JczHiGpM1nnAnjs=
github.com/hamradiolog-net/spec/v6 v6.0.0-beta.22/go.mod h1:pVgHeVUKWLo733V1E6FdOHjtfVk39/TSzBL51Dcv1YY=
github.com/hamradiolog-net/spec/v6 v6.0.0-beta.23 h1:7rJu4sXepFxYyuQbPCh6adi/CnajdZSAInGH40YgTYE=
github.com/hamradiolog-net/spec/v6 v6.0.0-beta.23/go.mod h1:pVgHeVUKWLo733V1E6FdOHjtfVk39/TSzBL51Dcv1YY=
github.com/hamradiolog-net/spec/v6 v6.0.0-beta.24 h1:c8dKmnCv9q2aHY7hIxx2mdw/w9FGnXNQpALEUuscros=
github.com/hamradiolog-net/spec/v6 v6.0.0-beta.24/go.mod h1:pVgHeVUKWLo733V1E6FdOHjtfVk39/TSzBL51Dcv1YY=
